
Microsoft Visual Studio Solution File, Format Version 12.00
# Visual Studio Version 17
VisualStudioVersion = 17.9.34723.18
MinimumVisualStudioVersion = 10.0.40219.1
Project("{2150E333-8FDC-42A3-9474-1A3956D46DE8}") = "src", "src", "{332AC004-E827-4204-B4A3-76E94FEF9262}"
EndProject
Project("{2150E333-8FDC-42A3-9474-1A3956D46DE8}") = "Usuarios", "Usuarios", "{066A7DC8-EF07-4F5C-8F91-10B6B01B5B93}"
EndProject
Project("{9A19103F-16F7-4668-BE54-9A1E7A4F7556}") = "Usuarios.Application", "src\Core\Usuarios\Usuarios.Application\Usuarios.Application.csproj", "{8FDE05B3-8196-449F-90F5-CC2664AE0DBA}"
EndProject
Project("{9A19103F-16F7-4668-BE54-9A1E7A4F7556}") = "Usuarios.Domain", "src\Core\Usuarios\Usuarios.Domain\Usuarios.Domain.csproj", "{BECAC53F-3E2C-4DEA-A3BA-7C45C3BD650A}"
EndProject
Project("{9A19103F-16F7-4668-BE54-9A1E7A4F7556}") = "Usuarios.Infrastructure", "src\Core\Usuarios\Usuarios.Infrastructure\Usuarios.Infrastructure.csproj", "{FA26D6CC-A2A0-4627-88F0-2BD62BC8D305}"
EndProject
Project("{2150E333-8FDC-42A3-9474-1A3956D46DE8}") = "Usuarios.API", "Usuarios.API", "{7868B925-4E88-4546-9988-365B4016C1D0}"
EndProject
Project("{9A19103F-16F7-4668-BE54-9A1E7A4F7556}") = "Usuarios.API", "src\Core\Usuarios\Usuarios.API\Usuarios.API\Usuarios.API.csproj", "{D1D11D51-F05D-4BE5-B86F-DA261EF82BB4}"
EndProject
Project("{2150E333-8FDC-42A3-9474-1A3956D46DE8}") = "Core", "Core", "{B33D2B90-A082-4332-AFFF-87397F584C57}"
EndProject
Project("{2150E333-8FDC-42A3-9474-1A3956D46DE8}") = "Commons", "Commons", "{6BC7B4EA-A276-4CCE-90D3-7A448C42A7F6}"
EndProject
Project("{9A19103F-16F7-4668-BE54-9A1E7A4F7556}") = "Commons.logger", "src\Commons\Commons.logger\Commons.logger.csproj", "{CF10E554-8F84-423B-B6FB-3BD6DB662E54}"
EndProject
Project("{9A19103F-16F7-4668-BE54-9A1E7A4F7556}") = "Commons.Connection", "src\Commons\Commons.Connection\Commons.Connection.csproj", "{1C04DF1F-F67C-42B3-BFE4-56D05734DC2B}"
EndProject
Project("{2150E333-8FDC-42A3-9474-1A3956D46DE8}") = "Viviendas", "Viviendas", "{146FC54C-EEED-421A-870C-991B63F2FA2A}"
EndProject
Project("{2150E333-8FDC-42A3-9474-1A3956D46DE8}") = "Viviendas.API", "Viviendas.API", "{8B7127ED-B65E-4E34-BF6C-609B75960AB9}"
EndProject
Project("{9A19103F-16F7-4668-BE54-9A1E7A4F7556}") = "Viviendas.API", "src\Core\Viviendas\Viviendas.API\Viviendas\Viviendas.API.csproj", "{39440D36-D3F6-42E9-9F85-2B615AB79464}"
EndProject
Project("{9A19103F-16F7-4668-BE54-9A1E7A4F7556}") = "Viviendas.Application", "src\Core\Viviendas\Viviendas.Application\Viviendas.Application.csproj", "{BD8F6C89-95DA-4878-9B07-DAE170FD61DC}"
EndProject
Project("{9A19103F-16F7-4668-BE54-9A1E7A4F7556}") = "Viviendas.Domain", "src\Core\Viviendas\Viviendas.Domain\Viviendas.Domain.csproj", "{717EEF22-F63D-4E57-9285-69680B4D457B}"
EndProject
Project("{9A19103F-16F7-4668-BE54-9A1E7A4F7556}") = "Viviendas.Infrastructure", "src\Core\Viviendas\Viviendas.Infrastructure\Viviendas.Infrastructure.csproj", "{B86A61D8-67EB-4940-91D1-A263F8E2058D}"
EndProject
Project("{9A19103F-16F7-4668-BE54-9A1E7A4F7556}") = "Commons.Cryptography", "src\Commons\Commons.Cryptography\Commons.Cryptography.csproj", "{994CA36B-DA1F-4E35-A828-2F6EE37D4917}"
EndProject
Project("{2150E333-8FDC-42A3-9474-1A3956D46DE8}") = "ProcesosMunicipales", "ProcesosMunicipales", "{DBCDDACC-A4F9-4A30-AD8A-453003182AD1}"
EndProject
Project("{2150E333-8FDC-42A3-9474-1A3956D46DE8}") = "01.Regularizacion", "01.Regularizacion", "{F8484C42-FB64-4576-9B8C-EB01D597DA37}"
EndProject
Project("{2150E333-8FDC-42A3-9474-1A3956D46DE8}") = "Regularizacion.API", "Regularizacion.API", "{CD56FB1A-8AEE-4B8B-BA24-0DD6D0B61FCA}"
EndProject
Project("{9A19103F-16F7-4668-BE54-9A1E7A4F7556}") = "Regularizacion.API", "src\Core\ProcesosMunicipales\01.Regularizacion\Regularizacion.API\Regularizacion.API.csproj", "{5F5744AF-25FC-4805-912D-7E3D9AF7A4E9}"
EndProject
Project("{9A19103F-16F7-4668-BE54-9A1E7A4F7556}") = "Regularizacion.Application", "src\Core\ProcesosMunicipales\01.Regularizacion\Regularizacion.Application\Regularizacion.Application.csproj", "{BD48A1D5-B94B-4441-B41F-EDF38638D270}"
EndProject
Project("{9A19103F-16F7-4668-BE54-9A1E7A4F7556}") = "Regularizacion.Domain", "src\Core\ProcesosMunicipales\01.Regularizacion\Regularizacion.Domain\Regularizacion.Domain.csproj", "{B3F6FF8F-EAC8-4E35-B957-9C2370DC696D}"
EndProject
Project("{9A19103F-16F7-4668-BE54-9A1E7A4F7556}") = "Regularizacion.Infrastructure", "src\Core\ProcesosMunicipales\01.Regularizacion\Regularizacion.Infrastructure\Regularizacion.Infrastructure.csproj", "{7D62DD80-4A17-4E01-B8B6-D563EDB282EA}"
EndProject
Project("{2150E333-8FDC-42A3-9474-1A3956D46DE8}") = "Frontend", "Frontend", "{9C6B57E5-F956-40C1-B031-97E79AE54444}"
EndProject
Project("{54A90642-561A-4BB1-A94E-469ADEE60C69}") = "ProcesosMunicipales", "ProcesosMunicipales\ProcesosMunicipales.esproj", "{0DDDF94B-46A8-4158-8485-E04CA51716B4}"
EndProject
Project("{2150E333-8FDC-42A3-9474-1A3956D46DE8}") = "Services", "Services", "{CA2F439E-76AA-426D-B575-099F34FD0D0F}"
EndProject
Project("{2150E333-8FDC-42A3-9474-1A3956D46DE8}") = "Email", "Email", "{224090AE-30D4-4FF9-9AFA-019FB07DD331}"
EndProject
Project("{FAE04EC0-301F-11D3-BF4B-00C04F79EFBC}") = "Service.Email.Verificion", "Service.Email.Verificion\Service.Email.Verificion.csproj", "{039651DB-B1BF-426D-93E3-297A8A8B7B9E}"
EndProject
Project("{2150E333-8FDC-42A3-9474-1A3956D46DE8}") = "Logic", "Logic", "{17F7A9BE-1D4B-4E97-B394-E53E9403C1EC}"
EndProject
Project("{9A19103F-16F7-4668-BE54-9A1E7A4F7556}") = "Service.Email.Application", "src\Services\Email\Logic\Service.Email.Application\Service.Email.Application.csproj", "{ED2BE1AE-3FA4-4370-9653-1820ABFBDB1A}"
EndProject
Project("{9A19103F-16F7-4668-BE54-9A1E7A4F7556}") = "Service.Email.Infrastructure", "src\Services\Email\Logic\Service.Email.Infrastructure\Service.Email.Infrastructure.csproj", "{5556C62E-C0C8-4F50-947D-3BA106496F27}"
EndProject
Project("{9A19103F-16F7-4668-BE54-9A1E7A4F7556}") = "Service.Email.Domain", "src\Services\Email\Logic\Service.Email.Domain\Service.Email.Domain.csproj", "{61ABA3BB-3B59-44AE-A1CA-0F0DF1EAC4D6}"
EndProject
Project("{2150E333-8FDC-42A3-9474-1A3956D46DE8}") = "Email.API", "Email.API", "{CA9C87C3-AF12-4E4E-83E5-79EF11548A0F}"
EndProject
Project("{FAE04EC0-301F-11D3-BF4B-00C04F79EFBC}") = "Commons.EmailService", "src\Commons\Commons.EmailService\Commons.EmailService.csproj", "{54D68E46-EAD2-4B8D-9D9F-B378648A0889}"
EndProject
Project("{FAE04EC0-301F-11D3-BF4B-00C04F79EFBC}") = "Email.API", "src\Services\Email\Email.API\Email.API\Email.API.csproj", "{DA076799-72A5-4733-8F65-1984309D2D88}"
EndProject
Global
	GlobalSection(SolutionConfigurationPlatforms) = preSolution
		Debug|Any CPU = Debug|Any CPU
		Release|Any CPU = Release|Any CPU
	EndGlobalSection
	GlobalSection(ProjectConfigurationPlatforms) = postSolution
		{8FDE05B3-8196-449F-90F5-CC2664AE0DBA}.Debug|Any CPU.ActiveCfg = Debug|Any CPU
		{8FDE05B3-8196-449F-90F5-CC2664AE0DBA}.Debug|Any CPU.Build.0 = Debug|Any CPU
		{8FDE05B3-8196-449F-90F5-CC2664AE0DBA}.Release|Any CPU.ActiveCfg = Release|Any CPU
		{8FDE05B3-8196-449F-90F5-CC2664AE0DBA}.Release|Any CPU.Build.0 = Release|Any CPU
		{BECAC53F-3E2C-4DEA-A3BA-7C45C3BD650A}.Debug|Any CPU.ActiveCfg = Debug|Any CPU
		{BECAC53F-3E2C-4DEA-A3BA-7C45C3BD650A}.Debug|Any CPU.Build.0 = Debug|Any CPU
		{BECAC53F-3E2C-4DEA-A3BA-7C45C3BD650A}.Release|Any CPU.ActiveCfg = Release|Any CPU
		{BECAC53F-3E2C-4DEA-A3BA-7C45C3BD650A}.Release|Any CPU.Build.0 = Release|Any CPU
		{FA26D6CC-A2A0-4627-88F0-2BD62BC8D305}.Debug|Any CPU.ActiveCfg = Debug|Any CPU
		{FA26D6CC-A2A0-4627-88F0-2BD62BC8D305}.Debug|Any CPU.Build.0 = Debug|Any CPU
		{FA26D6CC-A2A0-4627-88F0-2BD62BC8D305}.Release|Any CPU.ActiveCfg = Release|Any CPU
		{FA26D6CC-A2A0-4627-88F0-2BD62BC8D305}.Release|Any CPU.Build.0 = Release|Any CPU
		{D1D11D51-F05D-4BE5-B86F-DA261EF82BB4}.Debug|Any CPU.ActiveCfg = Debug|Any CPU
		{D1D11D51-F05D-4BE5-B86F-DA261EF82BB4}.Debug|Any CPU.Build.0 = Debug|Any CPU
		{D1D11D51-F05D-4BE5-B86F-DA261EF82BB4}.Release|Any CPU.ActiveCfg = Release|Any CPU
		{D1D11D51-F05D-4BE5-B86F-DA261EF82BB4}.Release|Any CPU.Build.0 = Release|Any CPU
		{CF10E554-8F84-423B-B6FB-3BD6DB662E54}.Debug|Any CPU.ActiveCfg = Debug|Any CPU
		{CF10E554-8F84-423B-B6FB-3BD6DB662E54}.Debug|Any CPU.Build.0 = Debug|Any CPU
		{CF10E554-8F84-423B-B6FB-3BD6DB662E54}.Release|Any CPU.ActiveCfg = Release|Any CPU
		{CF10E554-8F84-423B-B6FB-3BD6DB662E54}.Release|Any CPU.Build.0 = Release|Any CPU
		{1C04DF1F-F67C-42B3-BFE4-56D05734DC2B}.Debug|Any CPU.ActiveCfg = Debug|Any CPU
		{1C04DF1F-F67C-42B3-BFE4-56D05734DC2B}.Debug|Any CPU.Build.0 = Debug|Any CPU
		{1C04DF1F-F67C-42B3-BFE4-56D05734DC2B}.Release|Any CPU.ActiveCfg = Release|Any CPU
		{1C04DF1F-F67C-42B3-BFE4-56D05734DC2B}.Release|Any CPU.Build.0 = Release|Any CPU
		{39440D36-D3F6-42E9-9F85-2B615AB79464}.Debug|Any CPU.ActiveCfg = Debug|Any CPU
		{39440D36-D3F6-42E9-9F85-2B615AB79464}.Debug|Any CPU.Build.0 = Debug|Any CPU
		{39440D36-D3F6-42E9-9F85-2B615AB79464}.Release|Any CPU.ActiveCfg = Release|Any CPU
		{39440D36-D3F6-42E9-9F85-2B615AB79464}.Release|Any CPU.Build.0 = Release|Any CPU
		{BD8F6C89-95DA-4878-9B07-DAE170FD61DC}.Debug|Any CPU.ActiveCfg = Debug|Any CPU
		{BD8F6C89-95DA-4878-9B07-DAE170FD61DC}.Debug|Any CPU.Build.0 = Debug|Any CPU
		{BD8F6C89-95DA-4878-9B07-DAE170FD61DC}.Release|Any CPU.ActiveCfg = Release|Any CPU
		{BD8F6C89-95DA-4878-9B07-DAE170FD61DC}.Release|Any CPU.Build.0 = Release|Any CPU
		{717EEF22-F63D-4E57-9285-69680B4D457B}.Debug|Any CPU.ActiveCfg = Debug|Any CPU
		{717EEF22-F63D-4E57-9285-69680B4D457B}.Debug|Any CPU.Build.0 = Debug|Any CPU
		{717EEF22-F63D-4E57-9285-69680B4D457B}.Release|Any CPU.ActiveCfg = Release|Any CPU
		{717EEF22-F63D-4E57-9285-69680B4D457B}.Release|Any CPU.Build.0 = Release|Any CPU
		{B86A61D8-67EB-4940-91D1-A263F8E2058D}.Debug|Any CPU.ActiveCfg = Debug|Any CPU
		{B86A61D8-67EB-4940-91D1-A263F8E2058D}.Debug|Any CPU.Build.0 = Debug|Any CPU
		{B86A61D8-67EB-4940-91D1-A263F8E2058D}.Release|Any CPU.ActiveCfg = Release|Any CPU
		{B86A61D8-67EB-4940-91D1-A263F8E2058D}.Release|Any CPU.Build.0 = Release|Any CPU
		{994CA36B-DA1F-4E35-A828-2F6EE37D4917}.Debug|Any CPU.ActiveCfg = Debug|Any CPU
		{994CA36B-DA1F-4E35-A828-2F6EE37D4917}.Debug|Any CPU.Build.0 = Debug|Any CPU
		{994CA36B-DA1F-4E35-A828-2F6EE37D4917}.Release|Any CPU.ActiveCfg = Release|Any CPU
		{994CA36B-DA1F-4E35-A828-2F6EE37D4917}.Release|Any CPU.Build.0 = Release|Any CPU
		{5F5744AF-25FC-4805-912D-7E3D9AF7A4E9}.Debug|Any CPU.ActiveCfg = Debug|Any CPU
		{5F5744AF-25FC-4805-912D-7E3D9AF7A4E9}.Debug|Any CPU.Build.0 = Debug|Any CPU
		{5F5744AF-25FC-4805-912D-7E3D9AF7A4E9}.Release|Any CPU.ActiveCfg = Release|Any CPU
		{5F5744AF-25FC-4805-912D-7E3D9AF7A4E9}.Release|Any CPU.Build.0 = Release|Any CPU
		{BD48A1D5-B94B-4441-B41F-EDF38638D270}.Debug|Any CPU.ActiveCfg = Debug|Any CPU
		{BD48A1D5-B94B-4441-B41F-EDF38638D270}.Debug|Any CPU.Build.0 = Debug|Any CPU
		{BD48A1D5-B94B-4441-B41F-EDF38638D270}.Release|Any CPU.ActiveCfg = Release|Any CPU
		{BD48A1D5-B94B-4441-B41F-EDF38638D270}.Release|Any CPU.Build.0 = Release|Any CPU
		{B3F6FF8F-EAC8-4E35-B957-9C2370DC696D}.Debug|Any CPU.ActiveCfg = Debug|Any CPU
		{B3F6FF8F-EAC8-4E35-B957-9C2370DC696D}.Debug|Any CPU.Build.0 = Debug|Any CPU
		{B3F6FF8F-EAC8-4E35-B957-9C2370DC696D}.Release|Any CPU.ActiveCfg = Release|Any CPU
		{B3F6FF8F-EAC8-4E35-B957-9C2370DC696D}.Release|Any CPU.Build.0 = Release|Any CPU
		{7D62DD80-4A17-4E01-B8B6-D563EDB282EA}.Debug|Any CPU.ActiveCfg = Debug|Any CPU
		{7D62DD80-4A17-4E01-B8B6-D563EDB282EA}.Debug|Any CPU.Build.0 = Debug|Any CPU
		{7D62DD80-4A17-4E01-B8B6-D563EDB282EA}.Release|Any CPU.ActiveCfg = Release|Any CPU
		{7D62DD80-4A17-4E01-B8B6-D563EDB282EA}.Release|Any CPU.Build.0 = Release|Any CPU
		{0DDDF94B-46A8-4158-8485-E04CA51716B4}.Debug|Any CPU.ActiveCfg = Debug|Any CPU
		{0DDDF94B-46A8-4158-8485-E04CA51716B4}.Debug|Any CPU.Build.0 = Debug|Any CPU
		{0DDDF94B-46A8-4158-8485-E04CA51716B4}.Debug|Any CPU.Deploy.0 = Debug|Any CPU
		{0DDDF94B-46A8-4158-8485-E04CA51716B4}.Release|Any CPU.ActiveCfg = Release|Any CPU
		{0DDDF94B-46A8-4158-8485-E04CA51716B4}.Release|Any CPU.Build.0 = Release|Any CPU
		{0DDDF94B-46A8-4158-8485-E04CA51716B4}.Release|Any CPU.Deploy.0 = Release|Any CPU
		{039651DB-B1BF-426D-93E3-297A8A8B7B9E}.Debug|Any CPU.ActiveCfg = Debug|Any CPU
		{039651DB-B1BF-426D-93E3-297A8A8B7B9E}.Debug|Any CPU.Build.0 = Debug|Any CPU
		{039651DB-B1BF-426D-93E3-297A8A8B7B9E}.Release|Any CPU.ActiveCfg = Release|Any CPU
		{039651DB-B1BF-426D-93E3-297A8A8B7B9E}.Release|Any CPU.Build.0 = Release|Any CPU
		{ED2BE1AE-3FA4-4370-9653-1820ABFBDB1A}.Debug|Any CPU.ActiveCfg = Debug|Any CPU
		{ED2BE1AE-3FA4-4370-9653-1820ABFBDB1A}.Debug|Any CPU.Build.0 = Debug|Any CPU
		{ED2BE1AE-3FA4-4370-9653-1820ABFBDB1A}.Release|Any CPU.ActiveCfg = Release|Any CPU
		{ED2BE1AE-3FA4-4370-9653-1820ABFBDB1A}.Release|Any CPU.Build.0 = Release|Any CPU
		{5556C62E-C0C8-4F50-947D-3BA106496F27}.Debug|Any CPU.ActiveCfg = Debug|Any CPU
		{5556C62E-C0C8-4F50-947D-3BA106496F27}.Debug|Any CPU.Build.0 = Debug|Any CPU
		{5556C62E-C0C8-4F50-947D-3BA106496F27}.Release|Any CPU.ActiveCfg = Release|Any CPU
		{5556C62E-C0C8-4F50-947D-3BA106496F27}.Release|Any CPU.Build.0 = Release|Any CPU
		{61ABA3BB-3B59-44AE-A1CA-0F0DF1EAC4D6}.Debug|Any CPU.ActiveCfg = Debug|Any CPU
		{61ABA3BB-3B59-44AE-A1CA-0F0DF1EAC4D6}.Debug|Any CPU.Build.0 = Debug|Any CPU
		{61ABA3BB-3B59-44AE-A1CA-0F0DF1EAC4D6}.Release|Any CPU.ActiveCfg = Release|Any CPU
		{61ABA3BB-3B59-44AE-A1CA-0F0DF1EAC4D6}.Release|Any CPU.Build.0 = Release|Any CPU
		{54D68E46-EAD2-4B8D-9D9F-B378648A0889}.Debug|Any CPU.ActiveCfg = Debug|Any CPU
		{54D68E46-EAD2-4B8D-9D9F-B378648A0889}.Debug|Any CPU.Build.0 = Debug|Any CPU
		{54D68E46-EAD2-4B8D-9D9F-B378648A0889}.Release|Any CPU.ActiveCfg = Release|Any CPU
		{54D68E46-EAD2-4B8D-9D9F-B378648A0889}.Release|Any CPU.Build.0 = Release|Any CPU
		{DA076799-72A5-4733-8F65-1984309D2D88}.Debug|Any CPU.ActiveCfg = Debug|Any CPU
		{DA076799-72A5-4733-8F65-1984309D2D88}.Debug|Any CPU.Build.0 = Debug|Any CPU
		{DA076799-72A5-4733-8F65-1984309D2D88}.Release|Any CPU.ActiveCfg = Release|Any CPU
		{DA076799-72A5-4733-8F65-1984309D2D88}.Release|Any CPU.Build.0 = Release|Any CPU
	EndGlobalSection
	GlobalSection(SolutionProperties) = preSolution
		HideSolutionNode = FALSE
	EndGlobalSection
	GlobalSection(NestedProjects) = preSolution
		{066A7DC8-EF07-4F5C-8F91-10B6B01B5B93} = {B33D2B90-A082-4332-AFFF-87397F584C57}
		{8FDE05B3-8196-449F-90F5-CC2664AE0DBA} = {066A7DC8-EF07-4F5C-8F91-10B6B01B5B93}
		{BECAC53F-3E2C-4DEA-A3BA-7C45C3BD650A} = {066A7DC8-EF07-4F5C-8F91-10B6B01B5B93}
		{FA26D6CC-A2A0-4627-88F0-2BD62BC8D305} = {066A7DC8-EF07-4F5C-8F91-10B6B01B5B93}
		{7868B925-4E88-4546-9988-365B4016C1D0} = {066A7DC8-EF07-4F5C-8F91-10B6B01B5B93}
		{D1D11D51-F05D-4BE5-B86F-DA261EF82BB4} = {7868B925-4E88-4546-9988-365B4016C1D0}
		{B33D2B90-A082-4332-AFFF-87397F584C57} = {332AC004-E827-4204-B4A3-76E94FEF9262}
		{6BC7B4EA-A276-4CCE-90D3-7A448C42A7F6} = {332AC004-E827-4204-B4A3-76E94FEF9262}
		{CF10E554-8F84-423B-B6FB-3BD6DB662E54} = {6BC7B4EA-A276-4CCE-90D3-7A448C42A7F6}
		{1C04DF1F-F67C-42B3-BFE4-56D05734DC2B} = {6BC7B4EA-A276-4CCE-90D3-7A448C42A7F6}
		{146FC54C-EEED-421A-870C-991B63F2FA2A} = {B33D2B90-A082-4332-AFFF-87397F584C57}
		{8B7127ED-B65E-4E34-BF6C-609B75960AB9} = {146FC54C-EEED-421A-870C-991B63F2FA2A}
		{39440D36-D3F6-42E9-9F85-2B615AB79464} = {8B7127ED-B65E-4E34-BF6C-609B75960AB9}
		{BD8F6C89-95DA-4878-9B07-DAE170FD61DC} = {146FC54C-EEED-421A-870C-991B63F2FA2A}
		{717EEF22-F63D-4E57-9285-69680B4D457B} = {146FC54C-EEED-421A-870C-991B63F2FA2A}
		{B86A61D8-67EB-4940-91D1-A263F8E2058D} = {146FC54C-EEED-421A-870C-991B63F2FA2A}
		{994CA36B-DA1F-4E35-A828-2F6EE37D4917} = {6BC7B4EA-A276-4CCE-90D3-7A448C42A7F6}
		{DBCDDACC-A4F9-4A30-AD8A-453003182AD1} = {B33D2B90-A082-4332-AFFF-87397F584C57}
		{F8484C42-FB64-4576-9B8C-EB01D597DA37} = {DBCDDACC-A4F9-4A30-AD8A-453003182AD1}
		{CD56FB1A-8AEE-4B8B-BA24-0DD6D0B61FCA} = {F8484C42-FB64-4576-9B8C-EB01D597DA37}
		{5F5744AF-25FC-4805-912D-7E3D9AF7A4E9} = {CD56FB1A-8AEE-4B8B-BA24-0DD6D0B61FCA}
		{BD48A1D5-B94B-4441-B41F-EDF38638D270} = {F8484C42-FB64-4576-9B8C-EB01D597DA37}
		{B3F6FF8F-EAC8-4E35-B957-9C2370DC696D} = {F8484C42-FB64-4576-9B8C-EB01D597DA37}
		{7D62DD80-4A17-4E01-B8B6-D563EDB282EA} = {F8484C42-FB64-4576-9B8C-EB01D597DA37}
		{0DDDF94B-46A8-4158-8485-E04CA51716B4} = {9C6B57E5-F956-40C1-B031-97E79AE54444}
		{CA2F439E-76AA-426D-B575-099F34FD0D0F} = {332AC004-E827-4204-B4A3-76E94FEF9262}
		{224090AE-30D4-4FF9-9AFA-019FB07DD331} = {CA2F439E-76AA-426D-B575-099F34FD0D0F}
		{039651DB-B1BF-426D-93E3-297A8A8B7B9E} = {224090AE-30D4-4FF9-9AFA-019FB07DD331}
		{17F7A9BE-1D4B-4E97-B394-E53E9403C1EC} = {224090AE-30D4-4FF9-9AFA-019FB07DD331}
		{ED2BE1AE-3FA4-4370-9653-1820ABFBDB1A} = {17F7A9BE-1D4B-4E97-B394-E53E9403C1EC}
		{5556C62E-C0C8-4F50-947D-3BA106496F27} = {17F7A9BE-1D4B-4E97-B394-E53E9403C1EC}
		{61ABA3BB-3B59-44AE-A1CA-0F0DF1EAC4D6} = {17F7A9BE-1D4B-4E97-B394-E53E9403C1EC}
		{CA9C87C3-AF12-4E4E-83E5-79EF11548A0F} = {224090AE-30D4-4FF9-9AFA-019FB07DD331}
		{54D68E46-EAD2-4B8D-9D9F-B378648A0889} = {6BC7B4EA-A276-4CCE-90D3-7A448C42A7F6}
		{DA076799-72A5-4733-8F65-1984309D2D88} = {CA9C87C3-AF12-4E4E-83E5-79EF11548A0F}
	EndGlobalSection
	GlobalSection(ExtensibilityGlobals) = postSolution
		SolutionGuid = {9C94AF8E-E84E-45E0-B884-CD35B82291BA}
	EndGlobalSection
EndGlobal
